
Microsoft Visual Studio Solution File, Format Version 12.00
# Visual Studio Version 17
VisualStudioVersion = 17.14.36301.6
MinimumVisualStudioVersion = 10.0.40219.1
Project("{FAE04EC0-301F-11D3-BF4B-00C04F79EFBC}") = "ProgramowanieObiektowe", "ProgramowanieObiektowe\ProgramowanieObiektowe.csproj", "{84833727-8D90-4850-81B1-ED02382434EE}"
EndProject
Project("{FAE04EC0-301F-11D3-BF4B-00C04F79EFBC}") = "Lab1", "Lab1\Lab1.csproj", "{652BACFC-6B21-4FDC-B53C-C01BD8B5471C}"
EndProject
Project("{FAE04EC0-301F-11D3-BF4B-00C04F79EFBC}") = "Lab2", "Lab2\Lab2.csproj", "{C71396A3-9C68-4ED0-9201-0ED0B6E20EFF}"
EndProject
Project("{FAE04EC0-301F-11D3-BF4B-00C04F79EFBC}") = "Lab3", "Lab3\Lab3.csproj", "{5D1F91DF-A37A-4053-B0FA-890DB1A72555}"
EndProject
Global
	GlobalSection(SolutionConfigurationPlatforms) = preSolution
		Debug|Any CPU = Debug|Any CPU
		Release|Any CPU = Release|Any CPU
	EndGlobalSection
	GlobalSection(ProjectConfigurationPlatforms) = postSolution
		{84833727-8D90-4850-81B1-ED02382434EE}.Debug|Any CPU.ActiveCfg = Debug|Any CPU
		{84833727-8D90-4850-81B1-ED02382434EE}.Debug|Any CPU.Build.0 = Debug|Any CPU
		{84833727-8D90-4850-81B1-ED02382434EE}.Release|Any CPU.ActiveCfg = Release|Any CPU
		{84833727-8D90-4850-81B1-ED02382434EE}.Release|Any CPU.Build.0 = Release|Any CPU
		{652BACFC-6B21-4FDC-B53C-C01BD8B5471C}.Debug|Any CPU.ActiveCfg = Debug|Any CPU
		{652BACFC-6B21-4FDC-B53C-C01BD8B5471C}.Debug|Any CPU.Build.0 = Debug|Any CPU
		{652BACFC-6B21-4FDC-B53C-C01BD8B5471C}.Release|Any CPU.ActiveCfg = Release|Any CPU
		{652BACFC-6B21-4FDC-B53C-C01BD8B5471C}.Release|Any CPU.Build.0 = Release|Any CPU
		{C71396A3-9C68-4ED0-9201-0ED0B6E20EFF}.Debug|Any CPU.ActiveCfg = Debug|Any CPU
		{C71396A3-9C68-4ED0-9201-0ED0B6E20EFF}.Debug|Any CPU.Build.0 = Debug|Any CPU
		{C71396A3-9C68-4ED0-9201-0ED0B6E20EFF}.Release|Any CPU.ActiveCfg = Release|Any CPU
		{C71396A3-9C68-4ED0-9201-0ED0B6E20EFF}.Release|Any CPU.Build.0 = Release|Any CPU
		{5D1F91DF-A37A-4053-B0FA-890DB1A72555}.Debug|Any CPU.ActiveCfg = Debug|Any CPU
		{5D1F91DF-A37A-4053-B0FA-890DB1A72555}.Debug|Any CPU.Build.0 = Debug|Any CPU
		{5D1F91DF-A37A-4053-B0FA-890DB1A72555}.Release|Any CPU.ActiveCfg = Release|Any CPU
		{5D1F91DF-A37A-4053-B0FA-890DB1A72555}.Release|Any CPU.Build.0 = Release|Any CPU
	EndGlobalSection
	GlobalSection(SolutionProperties) = preSolution
		HideSolutionNode = FALSE
	EndGlobalSection
	GlobalSection(ExtensibilityGlobals) = postSolution
		SolutionGuid = {E683D9C5-148A-4BAC-B4F5-66F44FE4E435}
	EndGlobalSection
EndGlobal
